// !$*UTF8*$!
{
	archiveVersion = 1;
	classes = {
	};
	objectVersion = 56;
	objects = {

/* Begin PBXBuildFile section */
		10F60A482B3991BB0054851B /* AppDelegate.swift in Sources */ = {isa = PBXBuildFile; fileRef = 10F60A472B3991BB0054851B /* AppDelegate.swift */; };
		10F60A4A2B3991BB0054851B /* SceneDelegate.swift in Sources */ = {isa = PBXBuildFile; fileRef = 10F60A492B3991BB0054851B /* SceneDelegate.swift */; };
		10F60A4C2B3991BB0054851B /* HotelViewController.swift in Sources */ = {isa = PBXBuildFile; fileRef = 10F60A4B2B3991BB0054851B /* HotelViewController.swift */; };
		10F60A4F2B3991BB0054851B /* Main.storyboard in Resources */ = {isa = PBXBuildFile; fileRef = 10F60A4D2B3991BB0054851B /* Main.storyboard */; };
		10F60A512B3991BE0054851B /* Assets.xcassets in Resources */ = {isa = PBXBuildFile; fileRef = 10F60A502B3991BE0054851B /* Assets.xcassets */; };
		10F60A542B3991BE0054851B /* LaunchScreen.storyboard in Resources */ = {isa = PBXBuildFile; fileRef = 10F60A522B3991BE0054851B /* LaunchScreen.storyboard */; };
		10F60A5E2B3994430054851B /* NavigationItemView.swift in Sources */ = {isa = PBXBuildFile; fileRef = 10F60A5D2B3994430054851B /* NavigationItemView.swift */; };
		10F60A612B3997310054851B /* Hotel.swift in Sources */ = {isa = PBXBuildFile; fileRef = 10F60A602B3997310054851B /* Hotel.swift */; };
		10F60A642B3998960054851B /* Api.swift in Sources */ = {isa = PBXBuildFile; fileRef = 10F60A632B3998960054851B /* Api.swift */; };
		10F60A672B399B0A0054851B /* HotelViewModel.swift in Sources */ = {isa = PBXBuildFile; fileRef = 10F60A662B399B0A0054851B /* HotelViewModel.swift */; };
		10F60A6A2B399B1E0054851B /* HotelService.swift in Sources */ = {isa = PBXBuildFile; fileRef = 10F60A692B399B1E0054851B /* HotelService.swift */; };
		10F60A6E2B39CED00054851B /* HotelHeaderCell.swift in Sources */ = {isa = PBXBuildFile; fileRef = 10F60A6C2B39CED00054851B /* HotelHeaderCell.swift */; };
		10F60A6F2B39CED00054851B /* HotelHeaderCell.xib in Resources */ = {isa = PBXBuildFile; fileRef = 10F60A6D2B39CED00054851B /* HotelHeaderCell.xib */; };
		10F60A722B39CEDB0054851B /* HotelAboutCell.swift in Sources */ = {isa = PBXBuildFile; fileRef = 10F60A702B39CEDB0054851B /* HotelAboutCell.swift */; };
		10F60A732B39CEDB0054851B /* HotelAboutCell.xib in Resources */ = {isa = PBXBuildFile; fileRef = 10F60A712B39CEDB0054851B /* HotelAboutCell.xib */; };
		10F60A762B39D0BB0054851B /* HotelHeaderCollectionCell.swift in Sources */ = {isa = PBXBuildFile; fileRef = 10F60A742B39D0BB0054851B /* HotelHeaderCollectionCell.swift */; };
		10F60A772B39D0BB0054851B /* HotelHeaderCollectionCell.xib in Resources */ = {isa = PBXBuildFile; fileRef = 10F60A752B39D0BB0054851B /* HotelHeaderCollectionCell.xib */; };
		10F60A792B39D45B0054851B /* HotelRatingButton.swift in Sources */ = {isa = PBXBuildFile; fileRef = 10F60A782B39D45B0054851B /* HotelRatingButton.swift */; };
		10F60A7C2B39D7C60054851B /* Extensions.swift in Sources */ = {isa = PBXBuildFile; fileRef = 10F60A7B2B39D7C60054851B /* Extensions.swift */; };
		10F60A7E2B39DB130054851B /* Colors.swift in Sources */ = {isa = PBXBuildFile; fileRef = 10F60A7D2B39DB130054851B /* Colors.swift */; };
		10F60A802B39DF020054851B /* Fonts.swift in Sources */ = {isa = PBXBuildFile; fileRef = 10F60A7F2B39DF020054851B /* Fonts.swift */; };
		10F60A822B39E6D40054851B /* TitleLabel.swift in Sources */ = {isa = PBXBuildFile; fileRef = 10F60A812B39E6D40054851B /* TitleLabel.swift */; };
		10F60A842B39E8370054851B /* BlueLabel.swift in Sources */ = {isa = PBXBuildFile; fileRef = 10F60A832B39E8370054851B /* BlueLabel.swift */; };
		10F60A862B39EFF20054851B /* PrimaryButton.swift in Sources */ = {isa = PBXBuildFile; fileRef = 10F60A852B39EFF20054851B /* PrimaryButton.swift */; };
		10F60A882B39F6540054851B /* BottomView.swift in Sources */ = {isa = PBXBuildFile; fileRef = 10F60A872B39F6540054851B /* BottomView.swift */; };
		10F60A8A2B39F9850054851B /* AddressButton.swift in Sources */ = {isa = PBXBuildFile; fileRef = 10F60A892B39F9850054851B /* AddressButton.swift */; };
/* End PBXBuildFile section */

/* Begin PBXFileReference section */
		10F60A442B3991BB0054851B /* Hotel.app */ = {isa = PBXFileReference; explicitFileType = wrapper.application; includeInIndex = 0; path = Hotel.app; sourceTree = BUILT_PRODUCTS_DIR; };
		10F60A472B3991BB0054851B /* AppDelegate.swift */ = {isa = PBXFileReference; lastKnownFileType = sourcecode.swift; path = AppDelegate.swift; sourceTree = "<group>"; };
		10F60A492B3991BB0054851B /* SceneDelegate.swift */ = {isa = PBXFileReference; lastKnownFileType = sourcecode.swift; path = SceneDelegate.swift; sourceTree = "<group>"; };
		10F60A4B2B3991BB0054851B /* HotelViewController.swift */ = {isa = PBXFileReference; lastKnownFileType = sourcecode.swift; path = HotelViewController.swift; sourceTree = "<group>"; };
		10F60A4E2B3991BB0054851B /* Base */ = {isa = PBXFileReference; lastKnownFileType = file.storyboard; name = Base; path = Base.lproj/Main.storyboard; sourceTree = "<group>"; };
		10F60A502B3991BE0054851B /* Assets.xcassets */ = {isa = PBXFileReference; lastKnownFileType = folder.assetcatalog; path = Assets.xcassets; sourceTree = "<group>"; };
		10F60A532B3991BE0054851B /* Base */ = {isa = PBXFileReference; lastKnownFileType = file.storyboard; name = Base; path = Base.lproj/LaunchScreen.storyboard; sourceTree = "<group>"; };
		10F60A552B3991BE0054851B /* Info.plist */ = {isa = PBXFileReference; lastKnownFileType = text.plist.xml; path = Info.plist; sourceTree = "<group>"; };
		10F60A5D2B3994430054851B /* NavigationItemView.swift */ = {isa = PBXFileReference; lastKnownFileType = sourcecode.swift; path = NavigationItemView.swift; sourceTree = "<group>"; };
		10F60A602B3997310054851B /* Hotel.swift */ = {isa = PBXFileReference; lastKnownFileType = sourcecode.swift; path = Hotel.swift; sourceTree = "<group>"; };
		10F60A632B3998960054851B /* Api.swift */ = {isa = PBXFileReference; lastKnownFileType = sourcecode.swift; path = Api.swift; sourceTree = "<group>"; };
		10F60A662B399B0A0054851B /* HotelViewModel.swift */ = {isa = PBXFileReference; lastKnownFileType = sourcecode.swift; path = HotelViewModel.swift; sourceTree = "<group>"; };
		10F60A692B399B1E0054851B /* HotelService.swift */ = {isa = PBXFileReference; lastKnownFileType = sourcecode.swift; path = HotelService.swift; sourceTree = "<group>"; };
		10F60A6C2B39CED00054851B /* HotelHeaderCell.swift */ = {isa = PBXFileReference; lastKnownFileType = sourcecode.swift; path = HotelHeaderCell.swift; sourceTree = "<group>"; };
		10F60A6D2B39CED00054851B /* HotelHeaderCell.xib */ = {isa = PBXFileReference; lastKnownFileType = file.xib; path = HotelHeaderCell.xib; sourceTree = "<group>"; };
		10F60A702B39CEDB0054851B /* HotelAboutCell.swift */ = {isa = PBXFileReference; lastKnownFileType = sourcecode.swift; path = HotelAboutCell.swift; sourceTree = "<group>"; };
		10F60A712B39CEDB0054851B /* HotelAboutCell.xib */ = {isa = PBXFileReference; lastKnownFileType = file.xib; path = HotelAboutCell.xib; sourceTree = "<group>"; };
		10F60A742B39D0BB0054851B /* HotelHeaderCollectionCell.swift */ = {isa = PBXFileReference; lastKnownFileType = sourcecode.swift; path = HotelHeaderCollectionCell.swift; sourceTree = "<group>"; };
		10F60A752B39D0BB0054851B /* HotelHeaderCollectionCell.xib */ = {isa = PBXFileReference; lastKnownFileType = file.xib; path = HotelHeaderCollectionCell.xib; sourceTree = "<group>"; };
		10F60A782B39D45B0054851B /* HotelRatingButton.swift */ = {isa = PBXFileReference; lastKnownFileType = sourcecode.swift; path = HotelRatingButton.swift; sourceTree = "<group>"; };
		10F60A7B2B39D7C60054851B /* Extensions.swift */ = {isa = PBXFileReference; lastKnownFileType = sourcecode.swift; path = Extensions.swift; sourceTree = "<group>"; };
		10F60A7D2B39DB130054851B /* Colors.swift */ = {isa = PBXFileReference; lastKnownFileType = sourcecode.swift; path = Colors.swift; sourceTree = "<group>"; };
		10F60A7F2B39DF020054851B /* Fonts.swift */ = {isa = PBXFileReference; lastKnownFileType = sourcecode.swift; path = Fonts.swift; sourceTree = "<group>"; };
		10F60A812B39E6D40054851B /* TitleLabel.swift */ = {isa = PBXFileReference; lastKnownFileType = sourcecode.swift; path = TitleLabel.swift; sourceTree = "<group>"; };
		10F60A832B39E8370054851B /* BlueLabel.swift */ = {isa = PBXFileReference; lastKnownFileType = sourcecode.swift; path = BlueLabel.swift; sourceTree = "<group>"; };
		10F60A852B39EFF20054851B /* PrimaryButton.swift */ = {isa = PBXFileReference; lastKnownFileType = sourcecode.swift; path = PrimaryButton.swift; sourceTree = "<group>"; };
		10F60A872B39F6540054851B /* BottomView.swift */ = {isa = PBXFileReference; lastKnownFileType = sourcecode.swift; path = BottomView.swift; sourceTree = "<group>"; };
		10F60A892B39F9850054851B /* AddressButton.swift */ = {isa = PBXFileReference; lastKnownFileType = sourcecode.swift; path = AddressButton.swift; sourceTree = "<group>"; };
/* End PBXFileReference section */

/* Begin PBXFrameworksBuildPhase section */
		10F60A412B3991BB0054851B /* Frameworks */ = {
			isa = PBXFrameworksBuildPhase;
			buildActionMask = 2147483647;
			files = (
			);
			runOnlyForDeploymentPostprocessing = 0;
		};
/* End PBXFrameworksBuildPhase section */

/* Begin PBXGroup section */
		10F60A3B2B3991BB0054851B = {
			isa = PBXGroup;
			children = (
				10F60A7A2B39D7BB0054851B /* Extensions */,
				10F60A462B3991BB0054851B /* Hotel */,
				10F60A452B3991BB0054851B /* Products */,
			);
			sourceTree = "<group>";
		};
		10F60A452B3991BB0054851B /* Products */ = {
			isa = PBXGroup;
			children = (
				10F60A442B3991BB0054851B /* Hotel.app */,
			);
			name = Products;
			sourceTree = "<group>";
		};
		10F60A462B3991BB0054851B /* Hotel */ = {
			isa = PBXGroup;
			children = (
				10F60A682B399B120054851B /* Service */,
				10F60A5B2B3992130054851B /* Supporting Files */,
				10F60A652B399AFF0054851B /* HotelViewController */,
				10F60A622B39988F0054851B /* Api */,
				10F60A5F2B3997260054851B /* Model */,
				10F60A5C2B3994000054851B /* View */,
			);
			path = Hotel;
			sourceTree = "<group>";
		};
		10F60A5B2B3992130054851B /* Supporting Files */ = {
			isa = PBXGroup;
			children = (
				10F60A472B3991BB0054851B /* AppDelegate.swift */,
				10F60A492B3991BB0054851B /* SceneDelegate.swift */,
				10F60A4D2B3991BB0054851B /* Main.storyboard */,
				10F60A502B3991BE0054851B /* Assets.xcassets */,
				10F60A522B3991BE0054851B /* LaunchScreen.storyboard */,
				10F60A552B3991BE0054851B /* Info.plist */,
			);
			path = "Supporting Files";
			sourceTree = "<group>";
		};
		10F60A5C2B3994000054851B /* View */ = {
			isa = PBXGroup;
			children = (
				10F60A6B2B39CEC20054851B /* Xib */,
				10F60A5D2B3994430054851B /* NavigationItemView.swift */,
				10F60A782B39D45B0054851B /* HotelRatingButton.swift */,
				10F60A812B39E6D40054851B /* TitleLabel.swift */,
				10F60A832B39E8370054851B /* BlueLabel.swift */,
				10F60A852B39EFF20054851B /* PrimaryButton.swift */,
				10F60A872B39F6540054851B /* BottomView.swift */,
				10F60A892B39F9850054851B /* AddressButton.swift */,
			);
			path = View;
			sourceTree = "<group>";
		};
		10F60A5F2B3997260054851B /* Model */ = {
			isa = PBXGroup;
			children = (
				10F60A602B3997310054851B /* Hotel.swift */,
				10F60A7D2B39DB130054851B /* Colors.swift */,
				10F60A7F2B39DF020054851B /* Fonts.swift */,
			);
			path = Model;
			sourceTree = "<group>";
		};
		10F60A622B39988F0054851B /* Api */ = {
			isa = PBXGroup;
			children = (
				10F60A632B3998960054851B /* Api.swift */,
			);
			path = Api;
			sourceTree = "<group>";
		};
		10F60A652B399AFF0054851B /* HotelViewController */ = {
			isa = PBXGroup;
			children = (
				10F60A662B399B0A0054851B /* HotelViewModel.swift */,
				10F60A4B2B3991BB0054851B /* HotelViewController.swift */,
			);
			path = HotelViewController;
			sourceTree = "<group>";
		};
		10F60A682B399B120054851B /* Service */ = {
			isa = PBXGroup;
			children = (
				10F60A692B399B1E0054851B /* HotelService.swift */,
			);
			path = Service;
			sourceTree = "<group>";
		};
		10F60A6B2B39CEC20054851B /* Xib */ = {
			isa = PBXGroup;
			children = (
				10F60A6C2B39CED00054851B /* HotelHeaderCell.swift */,
				10F60A6D2B39CED00054851B /* HotelHeaderCell.xib */,
				10F60A702B39CEDB0054851B /* HotelAboutCell.swift */,
				10F60A712B39CEDB0054851B /* HotelAboutCell.xib */,
				10F60A742B39D0BB0054851B /* HotelHeaderCollectionCell.swift */,
				10F60A752B39D0BB0054851B /* HotelHeaderCollectionCell.xib */,
			);
			path = Xib;
			sourceTree = "<group>";
		};
		10F60A7A2B39D7BB0054851B /* Extensions */ = {
			isa = PBXGroup;
			children = (
				10F60A7B2B39D7C60054851B /* Extensions.swift */,
			);
			path = Extensions;
			sourceTree = "<group>";
		};
/* End PBXGroup section */

/* Begin PBXNativeTarget section */
		10F60A432B3991BB0054851B /* Hotel */ = {
			isa = PBXNativeTarget;
			buildConfigurationList = 10F60A582B3991BE0054851B /* Build configuration list for PBXNativeTarget "Hotel" */;
			buildPhases = (
				10F60A402B3991BB0054851B /* Sources */,
				10F60A412B3991BB0054851B /* Frameworks */,
				10F60A422B3991BB0054851B /* Resources */,
			);
			buildRules = (
			);
			dependencies = (
			);
			name = Hotel;
			productName = Hotel;
			productReference = 10F60A442B3991BB0054851B /* Hotel.app */;
			productType = "com.apple.product-type.application";
		};
/* End PBXNativeTarget section */

/* Begin PBXProject section */
		10F60A3C2B3991BB0054851B /* Project object */ = {
			isa = PBXProject;
			attributes = {
				BuildIndependentTargetsInParallel = 1;
				LastSwiftUpdateCheck = 1420;
				LastUpgradeCheck = 1420;
				TargetAttributes = {
					10F60A432B3991BB0054851B = {
						CreatedOnToolsVersion = 14.2;
					};
				};
			};
			buildConfigurationList = 10F60A3F2B3991BB0054851B /* Build configuration list for PBXProject "Hotel" */;
			compatibilityVersion = "Xcode 14.0";
			developmentRegion = en;
			hasScannedForEncodings = 0;
			knownRegions = (
				en,
				Base,
			);
			mainGroup = 10F60A3B2B3991BB0054851B;
			productRefGroup = 10F60A452B3991BB0054851B /* Products */;
			projectDirPath = "";
			projectRoot = "";
			targets = (
				10F60A432B3991BB0054851B /* Hotel */,
			);
		};
/* End PBXProject section */

/* Begin PBXResourcesBuildPhase section */
		10F60A422B3991BB0054851B /* Resources */ = {
			isa = PBXResourcesBuildPhase;
			buildActionMask = 2147483647;
			files = (
				10F60A542B3991BE0054851B /* LaunchScreen.storyboard in Resources */,
				10F60A732B39CEDB0054851B /* HotelAboutCell.xib in Resources */,
				10F60A6F2B39CED00054851B /* HotelHeaderCell.xib in Resources */,
				10F60A512B3991BE0054851B /* Assets.xcassets in Resources */,
				10F60A4F2B3991BB0054851B /* Main.storyboard in Resources */,
				10F60A772B39D0BB0054851B /* HotelHeaderCollectionCell.xib in Resources */,
			);
			runOnlyForDeploymentPostprocessing = 0;
		};
/* End PBXResourcesBuildPhase section */

/* Begin PBXSourcesBuildPhase section */
		10F60A402B3991BB0054851B /* Sources */ = {
			isa = PBXSourcesBuildPhase;
			buildActionMask = 2147483647;
			files = (
				10F60A862B39EFF20054851B /* PrimaryButton.swift in Sources */,
				10F60A642B3998960054851B /* Api.swift in Sources */,
				10F60A802B39DF020054851B /* Fonts.swift in Sources */,
				10F60A612B3997310054851B /* Hotel.swift in Sources */,
				10F60A762B39D0BB0054851B /* HotelHeaderCollectionCell.swift in Sources */,
				10F60A7E2B39DB130054851B /* Colors.swift in Sources */,
				10F60A6A2B399B1E0054851B /* HotelService.swift in Sources */,
				10F60A792B39D45B0054851B /* HotelRatingButton.swift in Sources */,
				10F60A8A2B39F9850054851B /* AddressButton.swift in Sources */,
				10F60A4C2B3991BB0054851B /* HotelViewController.swift in Sources */,
				10F60A882B39F6540054851B /* BottomView.swift in Sources */,
				10F60A722B39CEDB0054851B /* HotelAboutCell.swift in Sources */,
				10F60A5E2B3994430054851B /* NavigationItemView.swift in Sources */,
				10F60A842B39E8370054851B /* BlueLabel.swift in Sources */,
				10F60A7C2B39D7C60054851B /* Extensions.swift in Sources */,
				10F60A6E2B39CED00054851B /* HotelHeaderCell.swift in Sources */,
				10F60A482B3991BB0054851B /* AppDelegate.swift in Sources */,
				10F60A822B39E6D40054851B /* TitleLabel.swift in Sources */,
				10F60A672B399B0A0054851B /* HotelViewModel.swift in Sources */,
				10F60A4A2B3991BB0054851B /* SceneDelegate.swift in Sources */,
			);
			runOnlyForDeploymentPostprocessing = 0;
		};
/* End PBXSourcesBuildPhase section */

/* Begin PBXVariantGroup section */
		10F60A4D2B3991BB0054851B /* Main.storyboard */ = {
			isa = PBXVariantGroup;
			children = (
				10F60A4E2B3991BB0054851B /* Base */,
			);
			name = Main.storyboard;
			sourceTree = "<group>";
		};
		10F60A522B3991BE0054851B /* LaunchScreen.storyboard */ = {
			isa = PBXVariantGroup;
			children = (
				10F60A532B3991BE0054851B /* Base */,
			);
			name = LaunchScreen.storyboard;
			sourceTree = "<group>";
		};
/* End PBXVariantGroup section */

/* Begin XCBuildConfiguration section */
		10F60A562B3991BE0054851B /* Debug */ = {
			isa = XCBuildConfiguration;
			buildSettings = {
				ALWAYS_SEARCH_USER_PATHS = NO;
				CLANG_ANALYZER_NONNULL = YES;
				CLANG_ANALYZER_NUMBER_OBJECT_CONVERSION = YES_AGGRESSIVE;
				CLANG_CXX_LANGUAGE_STANDARD = "gnu++20";
				CLANG_ENABLE_MODULES = YES;
				CLANG_ENABLE_OBJC_ARC = YES;
				CLANG_ENABLE_OBJC_WEAK = YES;
				CLANG_WARN_BLOCK_CAPTURE_AUTORELEASING = YES;
				CLANG_WARN_BOOL_CONVERSION = YES;
				CLANG_WARN_COMMA = YES;
				CLANG_WARN_CONSTANT_CONVERSION = YES;
				CLANG_WARN_DEPRECATED_OBJC_IMPLEMENTATIONS = YES;
				CLANG_WARN_DIRECT_OBJC_ISA_USAGE = YES_ERROR;
				CLANG_WARN_DOCUMENTATION_COMMENTS = YES;
				CLANG_WARN_EMPTY_BODY = YES;
				CLANG_WARN_ENUM_CONVERSION = YES;
				CLANG_WARN_INFINITE_RECURSION = YES;
				CLANG_WARN_INT_CONVERSION = YES;
				CLANG_WARN_NON_LITERAL_NULL_CONVERSION = YES;
				CLANG_WARN_OBJC_IMPLICIT_RETAIN_SELF = YES;
				CLANG_WARN_OBJC_LITERAL_CONVERSION = YES;
				CLANG_WARN_OBJC_ROOT_CLASS = YES_ERROR;
				CLANG_WARN_QUOTED_INCLUDE_IN_FRAMEWORK_HEADER = YES;
				CLANG_WARN_RANGE_LOOP_ANALYSIS = YES;
				CLANG_WARN_STRICT_PROTOTYPES = YES;
				CLANG_WARN_SUSPICIOUS_MOVE = YES;
				CLANG_WARN_UNGUARDED_AVAILABILITY = YES_AGGRESSIVE;
				CLANG_WARN_UNREACHABLE_CODE = YES;
				CLANG_WARN__DUPLICATE_METHOD_MATCH = YES;
				COPY_PHASE_STRIP = NO;
				DEBUG_INFORMATION_FORMAT = dwarf;
				ENABLE_STRICT_OBJC_MSGSEND = YES;
				ENABLE_TESTABILITY = YES;
				GCC_C_LANGUAGE_STANDARD = gnu11;
				GCC_DYNAMIC_NO_PIC = NO;
				GCC_NO_COMMON_BLOCKS = YES;
				GCC_OPTIMIZATION_LEVEL = 0;
				GCC_PREPROCESSOR_DEFINITIONS = (
					"DEBUG=1",
					"$(inherited)",
				);
				GCC_WARN_64_TO_32_BIT_CONVERSION = YES;
				GCC_WARN_ABOUT_RETURN_TYPE = YES_ERROR;
				GCC_WARN_UNDECLARED_SELECTOR = YES;
				GCC_WARN_UNINITIALIZED_AUTOS = YES_AGGRESSIVE;
				GCC_WARN_UNUSED_FUNCTION = YES;
				GCC_WARN_UNUSED_VARIABLE = YES;
				IPHONEOS_DEPLOYMENT_TARGET = 16.2;
				MTL_ENABLE_DEBUG_INFO = INCLUDE_SOURCE;
				MTL_FAST_MATH = YES;
				ONLY_ACTIVE_ARCH = YES;
				SDKROOT = iphoneos;
				SWIFT_ACTIVE_COMPILATION_CONDITIONS = DEBUG;
				SWIFT_OPTIMIZATION_LEVEL = "-Onone";
			};
			name = Debug;
		};
		10F60A572B3991BE0054851B /* Release */ = {
			isa = XCBuildConfiguration;
			buildSettings = {
				ALWAYS_SEARCH_USER_PATHS = NO;
				CLANG_ANALYZER_NONNULL = YES;
				CLANG_ANALYZER_NUMBER_OBJECT_CONVERSION = YES_AGGRESSIVE;
				CLANG_CXX_LANGUAGE_STANDARD = "gnu++20";
				CLANG_ENABLE_MODULES = YES;
				CLANG_ENABLE_OBJC_ARC = YES;
				CLANG_ENABLE_OBJC_WEAK = YES;
				CLANG_WARN_BLOCK_CAPTURE_AUTORELEASING = YES;
				CLANG_WARN_BOOL_CONVERSION = YES;
				CLANG_WARN_COMMA = YES;
				CLANG_WARN_CONSTANT_CONVERSION = YES;
				CLANG_WARN_DEPRECATED_OBJC_IMPLEMENTATIONS = YES;
				CLANG_WARN_DIRECT_OBJC_ISA_USAGE = YES_ERROR;
				CLANG_WARN_DOCUMENTATION_COMMENTS = YES;
				CLANG_WARN_EMPTY_BODY = YES;
				CLANG_WARN_ENUM_CONVERSION = YES;
				CLANG_WARN_INFINITE_RECURSION = YES;
				CLANG_WARN_INT_CONVERSION = YES;
				CLANG_WARN_NON_LITERAL_NULL_CONVERSION = YES;
				CLANG_WARN_OBJC_IMPLICIT_RETAIN_SELF = YES;
				CLANG_WARN_OBJC_LITERAL_CONVERSION = YES;
				CLANG_WARN_OBJC_ROOT_CLASS = YES_ERROR;
				CLANG_WARN_QUOTED_INCLUDE_IN_FRAMEWORK_HEADER = YES;
				CLANG_WARN_RANGE_LOOP_ANALYSIS = YES;
				CLANG_WARN_STRICT_PROTOTYPES = YES;
				CLANG_WARN_SUSPICIOUS_MOVE = YES;
				CLANG_WARN_UNGUARDED_AVAILABILITY = YES_AGGRESSIVE;
				CLANG_WARN_UNREACHABLE_CODE = YES;
				CLANG_WARN__DUPLICATE_METHOD_MATCH = YES;
				COPY_PHASE_STRIP = NO;
				DEBUG_INFORMATION_FORMAT = "dwarf-with-dsym";
				ENABLE_NS_ASSERTIONS = NO;
				ENABLE_STRICT_OBJC_MSGSEND = YES;
				GCC_C_LANGUAGE_STANDARD = gnu11;
				GCC_NO_COMMON_BLOCKS = YES;
				GCC_WARN_64_TO_32_BIT_CONVERSION = YES;
				GCC_WARN_ABOUT_RETURN_TYPE = YES_ERROR;
				GCC_WARN_UNDECLARED_SELECTOR = YES;
				GCC_WARN_UNINITIALIZED_AUTOS = YES_AGGRESSIVE;
				GCC_WARN_UNUSED_FUNCTION = YES;
				GCC_WARN_UNUSED_VARIABLE = YES;
				IPHONEOS_DEPLOYMENT_TARGET = 16.2;
				MTL_ENABLE_DEBUG_INFO = NO;
				MTL_FAST_MATH = YES;
				SDKROOT = iphoneos;
				SWIFT_COMPILATION_MODE = wholemodule;
				SWIFT_OPTIMIZATION_LEVEL = "-O";
				VALIDATE_PRODUCT = YES;
			};
			name = Release;
		};
		10F60A592B3991BE0054851B /* Debug */ = {
			isa = XCBuildConfiguration;
			buildSettings = {
				ASSETCATALOG_COMPILER_APPICON_NAME = AppIcon;
				ASSETCATALOG_COMPILER_GLOBAL_ACCENT_COLOR_NAME = AccentColor;
				CODE_SIGN_STYLE = Automatic;
				CURRENT_PROJECT_VERSION = 1;
				DEVELOPMENT_TEAM = KTV28US9SX;
				GENERATE_INFOPLIST_FILE = YES;
				INFOPLIST_FILE = "Hotel/Supporting Files/Info.plist";
				INFOPLIST_KEY_UIApplicationSupportsIndirectInputEvents = YES;
				INFOPLIST_KEY_UILaunchStoryboardName = LaunchScreen;
				INFOPLIST_KEY_UIMainStoryboardFile = Main;
				INFOPLIST_KEY_UISupportedInterfaceOrientations_iPad = "UIInterfaceOrientationPortrait UIInterfaceOrientationPortraitUpsideDown UIInterfaceOrientationLandscapeLeft UIInterfaceOrientationLandscapeRight";
				INFOPLIST_KEY_UISupportedInterfaceOrientations_iPhone = "UIInterfaceOrientationPortrait UIInterfaceOrientationLandscapeLeft UIInterfaceOrientationLandscapeRight";
				LD_RUNPATH_SEARCH_PATHS = (
					"$(inherited)",
					"@executable_path/Frameworks",
				);
				MARKETING_VERSION = 1.0;
				PRODUCT_BUNDLE_IDENTIFIER = com.sapgv.Hotel;
				PRODUCT_NAME = "$(TARGET_NAME)";
				SWIFT_EMIT_LOC_STRINGS = YES;
				SWIFT_VERSION = 5.0;
				TARGETED_DEVICE_FAMILY = "1,2";
			};
			name = Debug;
		};
		10F60A5A2B3991BE0054851B /* Release */ = {
			isa = XCBuildConfiguration;
			buildSettings = {
				ASSETCATALOG_COMPILER_APPICON_NAME = AppIcon;
				ASSETCATALOG_COMPILER_GLOBAL_ACCENT_COLOR_NAME = AccentColor;
				CODE_SIGN_STYLE = Automatic;
				CURRENT_PROJECT_VERSION = 1;
				DEVELOPMENT_TEAM = KTV28US9SX;
				GENERATE_INFOPLIST_FILE = YES;
				INFOPLIST_FILE = "Hotel/Supporting Files/Info.plist";
				INFOPLIST_KEY_UIApplicationSupportsIndirectInputEvents = YES;
				INFOPLIST_KEY_UILaunchStoryboardName = LaunchScreen;
				INFOPLIST_KEY_UIMainStoryboardFile = Main;
				INFOPLIST_KEY_UISupportedInterfaceOrientations_iPad = "UIInterfaceOrientationPortrait UIInterfaceOrientationPortraitUpsideDown UIInterfaceOrientationLandscapeLeft UIInterfaceOrientationLandscapeRight";
				INFOPLIST_KEY_UISupportedInterfaceOrientations_iPhone = "UIInterfaceOrientationPortrait UIInterfaceOrientationLandscapeLeft UIInterfaceOrientationLandscapeRight";
				LD_RUNPATH_SEARCH_PATHS = (
					"$(inherited)",
					"@executable_path/Frameworks",
				);
				MARKETING_VERSION = 1.0;
				PRODUCT_BUNDLE_IDENTIFIER = com.sapgv.Hotel;
				PRODUCT_NAME = "$(TARGET_NAME)";
				SWIFT_EMIT_LOC_STRINGS = YES;
				SWIFT_VERSION = 5.0;
				TARGETED_DEVICE_FAMILY = "1,2";
			};
			name = Release;
		};
/* End XCBuildConfiguration section */

/* Begin XCConfigurationList section */
		10F60A3F2B3991BB0054851B /* Build configuration list for PBXProject "Hotel" */ = {
			isa = XCConfigurationList;
			buildConfigurations = (
				10F60A562B3991BE0054851B /* Debug */,
				10F60A572B3991BE0054851B /* Release */,
			);
			defaultConfigurationIsVisible = 0;
			defaultConfigurationName = Release;
		};
		10F60A582B3991BE0054851B /* Build configuration list for PBXNativeTarget "Hotel" */ = {
			isa = XCConfigurationList;
			buildConfigurations = (
				10F60A592B3991BE0054851B /* Debug */,
				10F60A5A2B3991BE0054851B /* Release */,
			);
			defaultConfigurationIsVisible = 0;
			defaultConfigurationName = Release;
		};
/* End XCConfigurationList section */
	};
	rootObject = 10F60A3C2B3991BB0054851B /* Project object */;
}
